
Microsoft Visual Studio Solution File, Format Version 11.00
# Visual Studio 2012
Project("{FAE04EC0-301F-11D3-BF4B-00C04F79EFBC}") = "RunTimeCodeGenerator", "RunTimeCodeGenerator\RunTimeCodeGenerator.csproj", "{5D7D3A25-2527-4AEF-BCED-F13E1E2652F8}"
EndProject
Project("{FAE04EC0-301F-11D3-BF4B-00C04F79EFBC}") = "RunTimeCodeGenerator.Tests", "RunTimeCodeGenerator.Tests\RunTimeCodeGenerator.Tests.csproj", "{C41146AA-68F7-4BFF-9CD7-D3AC42135768}"
EndProject
Global
	GlobalSection(SolutionConfigurationPlatforms) = preSolution
		Debug|Any CPU = Debug|Any CPU
		Release|Any CPU = Release|Any CPU
	EndGlobalSection
	GlobalSection(ProjectConfigurationPlatforms) = postSolution
		{5D7D3A25-2527-4AEF-BCED-F13E1E2652F8}.Debug|Any CPU.ActiveCfg = Debug|Any CPU
		{5D7D3A25-2527-4AEF-BCED-F13E1E2652F8}.Debug|Any CPU.Build.0 = Debug|Any CPU
		{5D7D3A25-2527-4AEF-BCED-F13E1E2652F8}.Release|Any CPU.ActiveCfg = Release|Any CPU
		{5D7D3A25-2527-4AEF-BCED-F13E1E2652F8}.Release|Any CPU.Build.0 = Release|Any CPU
		{C41146AA-68F7-4BFF-9CD7-D3AC42135768}.Debug|Any CPU.ActiveCfg = Debug|Any CPU
		{C41146AA-68F7-4BFF-9CD7-D3AC42135768}.Debug|Any CPU.Build.0 = Debug|Any CPU
		{C41146AA-68F7-4BFF-9CD7-D3AC42135768}.Release|Any CPU.ActiveCfg = Release|Any CPU
		{C41146AA-68F7-4BFF-9CD7-D3AC42135768}.Release|Any CPU.Build.0 = Release|Any CPU
	EndGlobalSection
	GlobalSection(SolutionProperties) = preSolution
		HideSolutionNode = FALSE
	EndGlobalSection
EndGlobal
